
Microsoft Visual Studio Solution File, Format Version 12.00
# Visual Studio 15
Project("{FAE04EC0-301F-11D3-BF4B-00C04F79EFBC}") = "Assembly-CSharp-Editor", "Assembly-CSharp-Editor.csproj", "{42541B13-19FF-24F7-0C0A-F58ACB6E3E43}"
EndProject
Project("{FAE04EC0-301F-11D3-BF4B-00C04F79EFBC}") = "Assembly-CSharp", "Assembly-CSharp.csproj", "{2E7CA7B3-9A1A-A7F8-0BF1-DB1360EA2EB3}"
EndProject
Global
	GlobalSection(SolutionConfigurationPlatforms) = preSolution
		Debug|Any CPU = Debug|Any CPU
		Release|Any CPU = Release|Any CPU
	EndGlobalSection
	GlobalSection(ProjectConfigurationPlatforms) = postSolution
		{42541B13-19FF-24F7-0C0A-F58ACB6E3E43}.Debug|Any CPU.ActiveCfg = Debug|Any CPU
		{42541B13-19FF-24F7-0C0A-F58ACB6E3E43}.Debug|Any CPU.Build.0 = Debug|Any CPU
		{42541B13-19FF-24F7-0C0A-F58ACB6E3E43}.Release|Any CPU.ActiveCfg = Release|Any CPU
		{42541B13-19FF-24F7-0C0A-F58ACB6E3E43}.Release|Any CPU.Build.0 = Release|Any CPU
		{2E7CA7B3-9A1A-A7F8-0BF1-DB1360EA2EB3}.Debug|Any CPU.ActiveCfg = Debug|Any CPU
		{2E7CA7B3-9A1A-A7F8-0BF1-DB1360EA2EB3}.Debug|Any CPU.Build.0 = Debug|Any CPU
		{2E7CA7B3-9A1A-A7F8-0BF1-DB1360EA2EB3}.Release|Any CPU.ActiveCfg = Release|Any CPU
		{2E7CA7B3-9A1A-A7F8-0BF1-DB1360EA2EB3}.Release|Any CPU.Build.0 = Release|Any CPU
	EndGlobalSection
	GlobalSection(SolutionProperties) = preSolution
		HideSolutionNode = FALSE
	EndGlobalSection
EndGlobal
